
Microsoft Visual Studio Solution File, Format Version 12.00
# Visual Studio 15
VisualStudioVersion = 15.0.26730.3
MinimumVisualStudioVersion = 10.0.40219.1
Project("{FAE04EC0-301F-11D3-BF4B-00C04F79EFBC}") = "StripeAspNetCore2.Web", "StripeAspNetCore2.Web\StripeAspNetCore2.Web.csproj", "{6531C3D1-B4D8-41D4-B82D-3B88DFF85E86}"
EndProject
Global
	GlobalSection(SolutionConfigurationPlatforms) = preSolution
		Debug|Any CPU = Debug|Any CPU
		Release|Any CPU = Release|Any CPU
	EndGlobalSection
	GlobalSection(ProjectConfigurationPlatforms) = postSolution
		{6531C3D1-B4D8-41D4-B82D-3B88DFF85E86}.Debug|Any CPU.ActiveCfg = Debug|Any CPU
		{6531C3D1-B4D8-41D4-B82D-3B88DFF85E86}.Debug|Any CPU.Build.0 = Debug|Any CPU
		{6531C3D1-B4D8-41D4-B82D-3B88DFF85E86}.Release|Any CPU.ActiveCfg = Release|Any CPU
		{6531C3D1-B4D8-41D4-B82D-3B88DFF85E86}.Release|Any CPU.Build.0 = Release|Any CPU
	EndGlobalSection
	GlobalSection(SolutionProperties) = preSolution
		HideSolutionNode = FALSE
	EndGlobalSection
	GlobalSection(ExtensibilityGlobals) = postSolution
		SolutionGuid = {8A3DF0C6-6736-4EA2-9F1E-E78BC358321A}
	EndGlobalSection
EndGlobal
